// !$*UTF8*$!
{
	archiveVersion = 1;
	classes = {
	};
	objectVersion = 46;
	objects = {

/* Begin PBXBuildFile section */
		52676FEF1E217A2600C0BFFA /* AppDelegate.swift in Sources */ = {isa = PBXBuildFile; fileRef = 52676FEE1E217A2600C0BFFA /* AppDelegate.swift */; };
		52676FF11E217A2600C0BFFA /* ViewController.swift in Sources */ = {isa = PBXBuildFile; fileRef = 52676FF01E217A2600C0BFFA /* ViewController.swift */; };
		52676FF41E217A2600C0BFFA /* Main.storyboard in Resources */ = {isa = PBXBuildFile; fileRef = 52676FF21E217A2600C0BFFA /* Main.storyboard */; };
		52676FF61E217A2600C0BFFA /* Assets.xcassets in Resources */ = {isa = PBXBuildFile; fileRef = 52676FF51E217A2600C0BFFA /* Assets.xcassets */; };
		52676FF91E217A2600C0BFFA /* LaunchScreen.storyboard in Resources */ = {isa = PBXBuildFile; fileRef = 52676FF71E217A2600C0BFFA /* LaunchScreen.storyboard */; };
		526770041E217A2700C0BFFA /* SaveTheKittensTests.swift in Sources */ = {isa = PBXBuildFile; fileRef = 526770031E217A2700C0BFFA /* SaveTheKittensTests.swift */; };
		5267700F1E217A2700C0BFFA /* SaveTheKittensUITests.swift in Sources */ = {isa = PBXBuildFile; fileRef = 5267700E1E217A2700C0BFFA /* SaveTheKittensUITests.swift */; };
/* End PBXBuildFile section */

/* Begin PBXContainerItemProxy section */
		526770001E217A2700C0BFFA /* PBXContainerItemProxy */ = {
			isa = PBXContainerItemProxy;
			containerPortal = 52676FE31E217A2600C0BFFA /* Project object */;
			proxyType = 1;
			remoteGlobalIDString = 52676FEA1E217A2600C0BFFA;
			remoteInfo = SaveTheKittens;
		};
		5267700B1E217A2700C0BFFA /* PBXContainerItemProxy */ = {
			isa = PBXContainerItemProxy;
			containerPortal = 52676FE31E217A2600C0BFFA /* Project object */;
			proxyType = 1;
			remoteGlobalIDString = 52676FEA1E217A2600C0BFFA;
			remoteInfo = SaveTheKittens;
		};
/* End PBXContainerItemProxy section */

/* Begin PBXFileReference section */
		52676FEB1E217A2600C0BFFA /* SaveTheKittens.app */ = {isa = PBXFileReference; explicitFileType = wrapper.application; includeInIndex = 0; path = SaveTheKittens.app; sourceTree = BUILT_PRODUCTS_DIR; };
		52676FEE1E217A2600C0BFFA /* AppDelegate.swift */ = {isa = PBXFileReference; lastKnownFileType = sourcecode.swift; path = AppDelegate.swift; sourceTree = "<group>"; };
		52676FF01E217A2600C0BFFA /* ViewController.swift */ = {isa = PBXFileReference; lastKnownFileType = sourcecode.swift; path = ViewController.swift; sourceTree = "<group>"; };
		52676FF31E217A2600C0BFFA /* Base */ = {isa = PBXFileReference; lastKnownFileType = file.storyboard; name = Base; path = Base.lproj/Main.storyboard; sourceTree = "<group>"; };
		52676FF51E217A2600C0BFFA /* Assets.xcassets */ = {isa = PBXFileReference; lastKnownFileType = folder.assetcatalog; path = Assets.xcassets; sourceTree = "<group>"; };
		52676FF81E217A2600C0BFFA /* Base */ = {isa = PBXFileReference; lastKnownFileType = file.storyboard; name = Base; path = Base.lproj/LaunchScreen.storyboard; sourceTree = "<group>"; };
		52676FFA1E217A2600C0BFFA /* Info.plist */ = {isa = PBXFileReference; lastKnownFileType = text.plist.xml; path = Info.plist; sourceTree = "<group>"; };
		52676FFF1E217A2700C0BFFA /* SaveTheKittensTests.xctest */ = {isa = PBXFileReference; explicitFileType = wrapper.cfbundle; includeInIndex = 0; path = SaveTheKittensTests.xctest; sourceTree = BUILT_PRODUCTS_DIR; };
		526770031E217A2700C0BFFA /* SaveTheKittensTests.swift */ = {isa = PBXFileReference; lastKnownFileType = sourcecode.swift; path = SaveTheKittensTests.swift; sourceTree = "<group>"; };
		526770051E217A2700C0BFFA /* Info.plist */ = {isa = PBXFileReference; lastKnownFileType = text.plist.xml; path = Info.plist; sourceTree = "<group>"; };
		5267700A1E217A2700C0BFFA /* SaveTheKittensUITests.xctest */ = {isa = PBXFileReference; explicitFileType = wrapper.cfbundle; includeInIndex = 0; path = SaveTheKittensUITests.xctest; sourceTree = BUILT_PRODUCTS_DIR; };
		5267700E1E217A2700C0BFFA /* SaveTheKittensUITests.swift */ = {isa = PBXFileReference; lastKnownFileType = sourcecode.swift; path = SaveTheKittensUITests.swift; sourceTree = "<group>"; };
		526770101E217A2700C0BFFA /* Info.plist */ = {isa = PBXFileReference; lastKnownFileType = text.plist.xml; path = Info.plist; sourceTree = "<group>"; };
/* End PBXFileReference section */

/* Begin PBXFrameworksBuildPhase section */
		52676FE81E217A2600C0BFFA /* Frameworks */ = {
			isa = PBXFrameworksBuildPhase;
			buildActionMask = 2147483647;
			files = (
			);
			runOnlyForDeploymentPostprocessing = 0;
		};
		52676FFC1E217A2700C0BFFA /* Frameworks */ = {
			isa = PBXFrameworksBuildPhase;
			buildActionMask = 2147483647;
			files = (
			);
			runOnlyForDeploymentPostprocessing = 0;
		};
		526770071E217A2700C0BFFA /* Frameworks */ = {
			isa = PBXFrameworksBuildPhase;
			buildActionMask = 2147483647;
			files = (
			);
			runOnlyForDeploymentPostprocessing = 0;
		};
/* End PBXFrameworksBuildPhase section */

/* Begin PBXGroup section */
		52676FE21E217A2600C0BFFA = {
			isa = PBXGroup;
			children = (
				52676FED1E217A2600C0BFFA /* SaveTheKittens */,
				526770021E217A2700C0BFFA /* SaveTheKittensTests */,
				5267700D1E217A2700C0BFFA /* SaveTheKittensUITests */,
				52676FEC1E217A2600C0BFFA /* Products */,
			);
			sourceTree = "<group>";
		};
		52676FEC1E217A2600C0BFFA /* Products */ = {
			isa = PBXGroup;
			children = (
				52676FEB1E217A2600C0BFFA /* SaveTheKittens.app */,
				52676FFF1E217A2700C0BFFA /* SaveTheKittensTests.xctest */,
				5267700A1E217A2700C0BFFA /* SaveTheKittensUITests.xctest */,
			);
			name = Products;
			sourceTree = "<group>";
		};
		52676FED1E217A2600C0BFFA /* SaveTheKittens */ = {
			isa = PBXGroup;
			children = (
				52676FEE1E217A2600C0BFFA /* AppDelegate.swift */,
				52676FF01E217A2600C0BFFA /* ViewController.swift */,
				52676FF21E217A2600C0BFFA /* Main.storyboard */,
				52676FF51E217A2600C0BFFA /* Assets.xcassets */,
				52676FF71E217A2600C0BFFA /* LaunchScreen.storyboard */,
				52676FFA1E217A2600C0BFFA /* Info.plist */,
			);
			path = SaveTheKittens;
			sourceTree = "<group>";
		};
		526770021E217A2700C0BFFA /* SaveTheKittensTests */ = {
			isa = PBXGroup;
			children = (
				526770031E217A2700C0BFFA /* SaveTheKittensTests.swift */,
				526770051E217A2700C0BFFA /* Info.plist */,
			);
			path = SaveTheKittensTests;
			sourceTree = "<group>";
		};
		5267700D1E217A2700C0BFFA /* SaveTheKittensUITests */ = {
			isa = PBXGroup;
			children = (
				5267700E1E217A2700C0BFFA /* SaveTheKittensUITests.swift */,
				526770101E217A2700C0BFFA /* Info.plist */,
			);
			path = SaveTheKittensUITests;
			sourceTree = "<group>";
		};
/* End PBXGroup section */

/* Begin PBXNativeTarget section */
		52676FEA1E217A2600C0BFFA /* SaveTheKittens */ = {
			isa = PBXNativeTarget;
			buildConfigurationList = 526770131E217A2700C0BFFA /* Build configuration list for PBXNativeTarget "SaveTheKittens" */;
			buildPhases = (
				52676FE71E217A2600C0BFFA /* Sources */,
				52676FE81E217A2600C0BFFA /* Frameworks */,
				52676FE91E217A2600C0BFFA /* Resources */,
			);
			buildRules = (
			);
			dependencies = (
			);
			name = SaveTheKittens;
			productName = SaveTheKittens;
			productReference = 52676FEB1E217A2600C0BFFA /* SaveTheKittens.app */;
			productType = "com.apple.product-type.application";
		};
		52676FFE1E217A2700C0BFFA /* SaveTheKittensTests */ = {
			isa = PBXNativeTarget;
			buildConfigurationList = 526770161E217A2700C0BFFA /* Build configuration list for PBXNativeTarget "SaveTheKittensTests" */;
			buildPhases = (
				52676FFB1E217A2700C0BFFA /* Sources */,
				52676FFC1E217A2700C0BFFA /* Frameworks */,
				52676FFD1E217A2700C0BFFA /* Resources */,
			);
			buildRules = (
			);
			dependencies = (
				526770011E217A2700C0BFFA /* PBXTargetDependency */,
			);
			name = SaveTheKittensTests;
			productName = SaveTheKittensTests;
			productReference = 52676FFF1E217A2700C0BFFA /* SaveTheKittensTests.xctest */;
			productType = "com.apple.product-type.bundle.unit-test";
		};
		526770091E217A2700C0BFFA /* SaveTheKittensUITests */ = {
			isa = PBXNativeTarget;
			buildConfigurationList = 526770191E217A2700C0BFFA /* Build configuration list for PBXNativeTarget "SaveTheKittensUITests" */;
			buildPhases = (
				526770061E217A2700C0BFFA /* Sources */,
				526770071E217A2700C0BFFA /* Frameworks */,
				526770081E217A2700C0BFFA /* Resources */,
			);
			buildRules = (
			);
			dependencies = (
				5267700C1E217A2700C0BFFA /* PBXTargetDependency */,
			);
			name = SaveTheKittensUITests;
			productName = SaveTheKittensUITests;
			productReference = 5267700A1E217A2700C0BFFA /* SaveTheKittensUITests.xctest */;
			productType = "com.apple.product-type.bundle.ui-testing";
		};
/* End PBXNativeTarget section */

/* Begin PBXProject section */
		52676FE31E217A2600C0BFFA /* Project object */ = {
			isa = PBXProject;
			attributes = {
				LastSwiftUpdateCheck = 0820;
				LastUpgradeCheck = 0820;
				ORGANIZATIONNAME = "John Lynch";
				TargetAttributes = {
					52676FEA1E217A2600C0BFFA = {
						CreatedOnToolsVersion = 8.2.1;
						ProvisioningStyle = Automatic;
					};
					52676FFE1E217A2700C0BFFA = {
						CreatedOnToolsVersion = 8.2.1;
						ProvisioningStyle = Automatic;
						TestTargetID = 52676FEA1E217A2600C0BFFA;
					};
					526770091E217A2700C0BFFA = {
						CreatedOnToolsVersion = 8.2.1;
						ProvisioningStyle = Automatic;
						TestTargetID = 52676FEA1E217A2600C0BFFA;
					};
				};
			};
			buildConfigurationList = 52676FE61E217A2600C0BFFA /* Build configuration list for PBXProject "SaveTheKittens" */;
			compatibilityVersion = "Xcode 3.2";
			developmentRegion = English;
			hasScannedForEncodings = 0;
			knownRegions = (
				en,
				Base,
			);
			mainGroup = 52676FE21E217A2600C0BFFA;
			productRefGroup = 52676FEC1E217A2600C0BFFA /* Products */;
			projectDirPath = "";
			projectRoot = "";
			targets = (
				52676FEA1E217A2600C0BFFA /* SaveTheKittens */,
				52676FFE1E217A2700C0BFFA /* SaveTheKittensTests */,
				526770091E217A2700C0BFFA /* SaveTheKittensUITests */,
			);
		};
/* End PBXProject section */

/* Begin PBXResourcesBuildPhase section */
		52676FE91E217A2600C0BFFA /* Resources */ = {
			isa = PBXResourcesBuildPhase;
			buildActionMask = 2147483647;
			files = (
				52676FF91E217A2600C0BFFA /* LaunchScreen.storyboard in Resources */,
				52676FF61E217A2600C0BFFA /* Assets.xcassets in Resources */,
				52676FF41E217A2600C0BFFA /* Main.storyboard in Resources */,
			);
			runOnlyForDeploymentPostprocessing = 0;
		};
		52676FFD1E217A2700C0BFFA /* Resources */ = {
			isa = PBXResourcesBuildPhase;
			buildActionMask = 2147483647;
			files = (
			);
			runOnlyForDeploymentPostprocessing = 0;
		};
		526770081E217A2700C0BFFA /* Resources */ = {
			isa = PBXResourcesBuildPhase;
			buildActionMask = 2147483647;
			files = (
			);
			runOnlyForDeploymentPostprocessing = 0;
		};
/* End PBXResourcesBuildPhase section */

/* Begin PBXSourcesBuildPhase section */
		52676FE71E217A2600C0BFFA /* Sources */ = {
			isa = PBXSourcesBuildPhase;
			buildActionMask = 2147483647;
			files = (
				52676FF11E217A2600C0BFFA /* ViewController.swift in Sources */,
				52676FEF1E217A2600C0BFFA /* AppDelegate.swift in Sources */,
			);
			runOnlyForDeploymentPostprocessing = 0;
		};
		52676FFB1E217A2700C0BFFA /* Sources */ = {
			isa = PBXSourcesBuildPhase;
			buildActionMask = 2147483647;
			files = (
				526770041E217A2700C0BFFA /* SaveTheKittensTests.swift in Sources */,
			);
			runOnlyForDeploymentPostprocessing = 0;
		};
		526770061E217A2700C0BFFA /* Sources */ = {
			isa = PBXSourcesBuildPhase;
			buildActionMask = 2147483647;
			files = (
				5267700F1E217A2700C0BFFA /* SaveTheKittensUITests.swift in Sources */,
			);
			runOnlyForDeploymentPostprocessing = 0;
		};
/* End PBXSourcesBuildPhase section */

/* Begin PBXTargetDependency section */
		526770011E217A2700C0BFFA /* PBXTargetDependency */ = {
			isa = PBXTargetDependency;
			target = 52676FEA1E217A2600C0BFFA /* SaveTheKittens */;
			targetProxy = 526770001E217A2700C0BFFA /* PBXContainerItemProxy */;
		};
		5267700C1E217A2700C0BFFA /* PBXTargetDependency */ = {
			isa = PBXTargetDependency;
			target = 52676FEA1E217A2600C0BFFA /* SaveTheKittens */;
			targetProxy = 5267700B1E217A2700C0BFFA /* PBXContainerItemProxy */;
		};
/* End PBXTargetDependency section */

/* Begin PBXVariantGroup section */
		52676FF21E217A2600C0BFFA /* Main.storyboard */ = {
			isa = PBXVariantGroup;
			children = (
				52676FF31E217A2600C0BFFA /* Base */,
			);
			name = Main.storyboard;
			sourceTree = "<group>";
		};
		52676FF71E217A2600C0BFFA /* LaunchScreen.storyboard */ = {
			isa = PBXVariantGroup;
			children = (
				52676FF81E217A2600C0BFFA /* Base */,
			);
			name = LaunchScreen.storyboard;
			sourceTree = "<group>";
		};
/* End PBXVariantGroup section */

/* Begin XCBuildConfiguration section */
		526770111E217A2700C0BFFA /* Debug */ = {
			isa = XCBuildConfiguration;
			buildSettings = {
				ALWAYS_SEARCH_USER_PATHS = NO;
				CLANG_ANALYZER_NONNULL = YES;
				CLANG_CXX_LANGUAGE_STANDARD = "gnu++0x";
				CLANG_CXX_LIBRARY = "libc++";
				CLANG_ENABLE_MODULES = YES;
				CLANG_ENABLE_OBJC_ARC = YES;
				CLANG_WARN_BOOL_CONVERSION = YES;
				CLANG_WARN_CONSTANT_CONVERSION = YES;
				CLANG_WARN_DIRECT_OBJC_ISA_USAGE = YES_ERROR;
				CLANG_WARN_DOCUMENTATION_COMMENTS = YES;
				CLANG_WARN_EMPTY_BODY = YES;
				CLANG_WARN_ENUM_CONVERSION = YES;
				CLANG_WARN_INFINITE_RECURSION = YES;
				CLANG_WARN_INT_CONVERSION = YES;
				CLANG_WARN_OBJC_ROOT_CLASS = YES_ERROR;
				CLANG_WARN_SUSPICIOUS_MOVE = YES;
				CLANG_WARN_UNREACHABLE_CODE = YES;
				CLANG_WARN__DUPLICATE_METHOD_MATCH = YES;
				"CODE_SIGN_IDENTITY[sdk=iphoneos*]" = "iPhone Developer";
				COPY_PHASE_STRIP = NO;
				DEBUG_INFORMATION_FORMAT = dwarf;
				ENABLE_STRICT_OBJC_MSGSEND = YES;
				ENABLE_TESTABILITY = YES;
				GCC_C_LANGUAGE_STANDARD = gnu99;
				GCC_DYNAMIC_NO_PIC = NO;
				GCC_NO_COMMON_BLOCKS = YES;
				GCC_OPTIMIZATION_LEVEL = 0;
				GCC_PREPROCESSOR_DEFINITIONS = (
					"DEBUG=1",
					"$(inherited)",
				);
				GCC_WARN_64_TO_32_BIT_CONVERSION = YES;
				GCC_WARN_ABOUT_RETURN_TYPE = YES_ERROR;
				GCC_WARN_UNDECLARED_SELECTOR = YES;
				GCC_WARN_UNINITIALIZED_AUTOS = YES_AGGRESSIVE;
				GCC_WARN_UNUSED_FUNCTION = YES;
				GCC_WARN_UNUSED_VARIABLE = YES;
				IPHONEOS_DEPLOYMENT_TARGET = 10.2;
				MTL_ENABLE_DEBUG_INFO = YES;
				ONLY_ACTIVE_ARCH = YES;
				SDKROOT = iphoneos;
				SWIFT_ACTIVE_COMPILATION_CONDITIONS = DEBUG;
				SWIFT_OPTIMIZATION_LEVEL = "-Onone";
				TARGETED_DEVICE_FAMILY = "1,2";
			};
			name = Debug;
		};
		526770121E217A2700C0BFFA /* Release */ = {
			isa = XCBuildConfiguration;
			buildSettings = {
				ALWAYS_SEARCH_USER_PATHS = NO;
				CLANG_ANALYZER_NONNULL = YES;
				CLANG_CXX_LANGUAGE_STANDARD = "gnu++0x";
				CLANG_CXX_LIBRARY = "libc++";
				CLANG_ENABLE_MODULES = YES;
				CLANG_ENABLE_OBJC_ARC = YES;
				CLANG_WARN_BOOL_CONVERSION = YES;
				CLANG_WARN_CONSTANT_CONVERSION = YES;
				CLANG_WARN_DIRECT_OBJC_ISA_USAGE = YES_ERROR;
				CLANG_WARN_DOCUMENTATION_COMMENTS = YES;
				CLANG_WARN_EMPTY_BODY = YES;
				CLANG_WARN_ENUM_CONVERSION = YES;
				CLANG_WARN_INFINITE_RECURSION = YES;
				CLANG_WARN_INT_CONVERSION = YES;
				CLANG_WARN_OBJC_ROOT_CLASS = YES_ERROR;
				CLANG_WARN_SUSPICIOUS_MOVE = YES;
				CLANG_WARN_UNREACHABLE_CODE = YES;
				CLANG_WARN__DUPLICATE_METHOD_MATCH = YES;
				"CODE_SIGN_IDENTITY[sdk=iphoneos*]" = "iPhone Developer";
				COPY_PHASE_STRIP = NO;
				DEBUG_INFORMATION_FORMAT = "dwarf-with-dsym";
				ENABLE_NS_ASSERTIONS = NO;
				ENABLE_STRICT_OBJC_MSGSEND = YES;
				GCC_C_LANGUAGE_STANDARD = gnu99;
				GCC_NO_COMMON_BLOCKS = YES;
				GCC_WARN_64_TO_32_BIT_CONVERSION = YES;
				GCC_WARN_ABOUT_RETURN_TYPE = YES_ERROR;
				GCC_WARN_UNDECLARED_SELECTOR = YES;
				GCC_WARN_UNINITIALIZED_AUTOS = YES_AGGRESSIVE;
				GCC_WARN_UNUSED_FUNCTION = YES;
				GCC_WARN_UNUSED_VARIABLE = YES;
				IPHONEOS_DEPLOYMENT_TARGET = 10.2;
				MTL_ENABLE_DEBUG_INFO = NO;
				SDKROOT = iphoneos;
				SWIFT_OPTIMIZATION_LEVEL = "-Owholemodule";
				TARGETED_DEVICE_FAMILY = "1,2";
				VALIDATE_PRODUCT = YES;
			};
			name = Release;
		};
		526770141E217A2700C0BFFA /* Debug */ = {
			isa = XCBuildConfiguration;
			buildSettings = {
				ASSETCATALOG_COMPILER_APPICON_NAME = AppIcon;
				INFOPLIST_FILE = SaveTheKittens/Info.plist;
				LD_RUNPATH_SEARCH_PATHS = "$(inherited) @executable_path/Frameworks";
				PRODUCT_BUNDLE_IDENTIFIER = com.lynchy.SaveTheKittens;
				PRODUCT_NAME = "$(TARGET_NAME)";
				SWIFT_VERSION = 3.0;
			};
			name = Debug;
		};
		526770151E217A2700C0BFFA /* Release */ = {
			isa = XCBuildConfiguration;
			buildSettings = {
				ASSETCATALOG_COMPILER_APPICON_NAME = AppIcon;
				INFOPLIST_FILE = SaveTheKittens/Info.plist;
				LD_RUNPATH_SEARCH_PATHS = "$(inherited) @executable_path/Frameworks";
				PRODUCT_BUNDLE_IDENTIFIER = com.lynchy.SaveTheKittens;
				PRODUCT_NAME = "$(TARGET_NAME)";
				SWIFT_VERSION = 3.0;
			};
			name = Release;
		};
		526770171E217A2700C0BFFA /* Debug */ = {
			isa = XCBuildConfiguration;
			buildSettings = {
				ALWAYS_EMBED_SWIFT_STANDARD_LIBRARIES = YES;
				BUNDLE_LOADER = "$(TEST_HOST)";
				INFOPLIST_FILE = SaveTheKittensTests/Info.plist;
				LD_RUNPATH_SEARCH_PATHS = "$(inherited) @executable_path/Frameworks @loader_path/Frameworks";
				PRODUCT_BUNDLE_IDENTIFIER = com.lynchy.SaveTheKittensTests;
				PRODUCT_NAME = "$(TARGET_NAME)";
				SWIFT_VERSION = 3.0;
				TEST_HOST = "$(BUILT_PRODUCTS_DIR)/SaveTheKittens.app/SaveTheKittens";
			};
			name = Debug;
		};
		526770181E217A2700C0BFFA /* Release */ = {
			isa = XCBuildConfiguration;
			buildSettings = {
				ALWAYS_EMBED_SWIFT_STANDARD_LIBRARIES = YES;
				BUNDLE_LOADER = "$(TEST_HOST)";
				INFOPLIST_FILE = SaveTheKittensTests/Info.plist;
				LD_RUNPATH_SEARCH_PATHS = "$(inherited) @executable_path/Frameworks @loader_path/Frameworks";
				PRODUCT_BUNDLE_IDENTIFIER = com.lynchy.SaveTheKittensTests;
				PRODUCT_NAME = "$(TARGET_NAME)";
				SWIFT_VERSION = 3.0;
				TEST_HOST = "$(BUILT_PRODUCTS_DIR)/SaveTheKittens.app/SaveTheKittens";
			};
			name = Release;
		};
		5267701A1E217A2700C0BFFA /* Debug */ = {
			isa = XCBuildConfiguration;
			buildSettings = {
				ALWAYS_EMBED_SWIFT_STANDARD_LIBRARIES = YES;
				INFOPLIST_FILE = SaveTheKittensUITests/Info.plist;
				LD_RUNPATH_SEARCH_PATHS = "$(inherited) @executable_path/Frameworks @loader_path/Frameworks";
				PRODUCT_BUNDLE_IDENTIFIER = com.lynchy.SaveTheKittensUITests;
				PRODUCT_NAME = "$(TARGET_NAME)";
				SWIFT_VERSION = 3.0;
				TEST_TARGET_NAME = SaveTheKittens;
			};
			name = Debug;
		};
		5267701B1E217A2700C0BFFA /* Release */ = {
			isa = XCBuildConfiguration;
			buildSettings = {
				ALWAYS_EMBED_SWIFT_STANDARD_LIBRARIES = YES;
				INFOPLIST_FILE = SaveTheKittensUITests/Info.plist;
				LD_RUNPATH_SEARCH_PATHS = "$(inherited) @executable_path/Frameworks @loader_path/Frameworks";
				PRODUCT_BUNDLE_IDENTIFIER = com.lynchy.SaveTheKittensUITests;
				PRODUCT_NAME = "$(TARGET_NAME)";
				SWIFT_VERSION = 3.0;
				TEST_TARGET_NAME = SaveTheKittens;
			};
			name = Release;
		};
/* End XCBuildConfiguration section */

/* Begin XCConfigurationList section */
		52676FE61E217A2600C0BFFA /* Build configuration list for PBXProject "SaveTheKittens" */ = {
			isa = XCConfigurationList;
			buildConfigurations = (
				526770111E217A2700C0BFFA /* Debug */,
				526770121E217A2700C0BFFA /* Release */,
			);
			defaultConfigurationIsVisible = 0;
			defaultConfigurationName = Release;
		};
		526770131E217A2700C0BFFA /* Build configuration list for PBXNativeTarget "SaveTheKittens" */ = {
			isa = XCConfigurationList;
			buildConfigurations = (
				526770141E217A2700C0BFFA /* Debug */,
				526770151E217A2700C0BFFA /* Release */,
			);
			defaultConfigurationIsVisible = 0;
		};
		526770161E217A2700C0BFFA /* Build configuration list for PBXNativeTarget "SaveTheKittensTests" */ = {
			isa = XCConfigurationList;
			buildConfigurations = (
				526770171E217A2700C0BFFA /* Debug */,
				526770181E217A2700C0BFFA /* Release */,
			);
			defaultConfigurationIsVisible = 0;
		};
		526770191E217A2700C0BFFA /* Build configuration list for PBXNativeTarget "SaveTheKittensUITests" */ = {
			isa = XCConfigurationList;
			buildConfigurations = (
				5267701A1E217A2700C0BFFA /* Debug */,
				5267701B1E217A2700C0BFFA /* Release */,
			);
			defaultConfigurationIsVisible = 0;
		};
/* End XCConfigurationList section */
	};
	rootObject = 52676FE31E217A2600C0BFFA /* Project object */;
}
